# THIS IS AN AUTOGENERATED FILE. DO NOT EDIT THIS FILE DIRECTLY.
# yarn lockfile v1


asn1@0.1.11:
  version "0.1.11"
  resolved "https://registry.yarnpkg.com/asn1/-/asn1-0.1.11.tgz#559be18376d08a4ec4dbe80877d27818639b2df7"

assert-plus@^0.1.5:
  version "0.1.5"
  resolved "https://registry.yarnpkg.com/assert-plus/-/assert-plus-0.1.5.tgz#ee74009413002d84cec7219c6ac811812e723160"

async@0.2.x, async@~0.2.9:
  version "0.2.10"
  resolved "https://registry.yarnpkg.com/async/-/async-0.2.10.tgz#b6bbe0b0674b9d719708ca38de8c237cb526c3d1"

async@~0.1.22:
  version "0.1.22"
  resolved "https://registry.yarnpkg.com/async/-/async-0.1.22.tgz#0fc1aaa088a0e3ef0ebe2d8831bab0dcf8845061"

async@~0.9.0:
  version "0.9.2"
  resolved "https://registry.yarnpkg.com/async/-/async-0.9.2.tgz#aea74d5e61c1f899613bf64bda66d4c78f2fd17d"

aws-sign2@~0.5.0:
  version "0.5.0"
  resolved "https://registry.yarnpkg.com/aws-sign2/-/aws-sign2-0.5.0.tgz#c57103f7a17fc037f02d7c2e64b602ea223f7d63"

balanced-match@^1.0.0:
  version "1.0.0"
  resolved "https://registry.yarnpkg.com/balanced-match/-/balanced-match-1.0.0.tgz#89b4d199ab2bee49de164ea02b89ce462d71b767"

block-stream@*:
  version "0.0.9"
  resolved "https://registry.yarnpkg.com/block-stream/-/block-stream-0.0.9.tgz#13ebfe778a03205cfe03751481ebb4b3300c126a"
  dependencies:
    inherits "~2.0.0"

boom@0.4.x:
  version "0.4.2"
  resolved "https://registry.yarnpkg.com/boom/-/boom-0.4.2.tgz#7a636e9ded4efcefb19cef4947a3c67dfaee911b"
  dependencies:
    hoek "0.9.x"

brace-expansion@^1.0.0, brace-expansion@^1.1.7:
  version "1.1.8"
  resolved "https://registry.yarnpkg.com/brace-expansion/-/brace-expansion-1.1.8.tgz#c07b211c7c952ec1f8efd51a77ef0d1d3990a292"
  dependencies:
    balanced-match "^1.0.0"
    concat-map "0.0.1"

colors@0.6.x:
  version "0.6.2"
  resolved "https://registry.yarnpkg.com/colors/-/colors-0.6.2.tgz#2423fe6678ac0c5dae8852e5d0e5be08c997abcc"

combined-stream@~0.0.4:
  version "0.0.7"
  resolved "https://registry.yarnpkg.com/combined-stream/-/combined-stream-0.0.7.tgz#0137e657baa5a7541c57ac37ac5fc07d73b4dc1f"
  dependencies:
    delayed-stream "0.0.5"

commander@1.1.x:
  version "1.1.1"
  resolved "https://registry.yarnpkg.com/commander/-/commander-1.1.1.tgz#50d1651868ae60eccff0a2d9f34595376bc6b041"
  dependencies:
    keypress "0.1.x"

concat-map@0.0.1:
  version "0.0.1"
  resolved "https://registry.yarnpkg.com/concat-map/-/concat-map-0.0.1.tgz#d8a96bd77fd68df7793a73036a3ba0d5405d477b"

cryptiles@0.2.x:
  version "0.2.2"
  resolved "https://registry.yarnpkg.com/cryptiles/-/cryptiles-0.2.2.tgz#ed91ff1f17ad13d3748288594f8a48a0d26f325c"
  dependencies:
    boom "0.4.x"

ctype@0.5.3:
  version "0.5.3"
  resolved "https://registry.yarnpkg.com/ctype/-/ctype-0.5.3.tgz#82c18c2461f74114ef16c135224ad0b9144ca12f"

cycle@1.0.x:
  version "1.0.3"
  resolved "https://registry.yarnpkg.com/cycle/-/cycle-1.0.3.tgz#21e80b2be8580f98b468f379430662b046c34ad2"

deep-equal@*:
  version "1.0.1"
  resolved "https://registry.yarnpkg.com/deep-equal/-/deep-equal-1.0.1.tgz#f5d260292b660e084eff4cdbc9f08ad3247448b5"

delayed-stream@0.0.5:
  version "0.0.5"
  resolved "https://registry.yarnpkg.com/delayed-stream/-/delayed-stream-0.0.5.tgz#d4b1f43a93e8296dfe02694f4680bc37a313c73f"

du@0.1.0:
  version "0.1.0"
  resolved "https://registry.yarnpkg.com/du/-/du-0.1.0.tgz#f26e340a09c7bc5b6fd69af6dbadea60fa8c6f4d"
  dependencies:
    async "~0.1.22"

eyes@0.1.x:
  version "0.1.8"
  resolved "https://registry.yarnpkg.com/eyes/-/eyes-0.1.8.tgz#62cf120234c683785d902348a800ef3e0cc20bc0"

forever-agent@~0.5.0:
  version "0.5.2"
  resolved "https://registry.yarnpkg.com/forever-agent/-/forever-agent-0.5.2.tgz#6d0e09c4921f94a27f63d3b49c5feff1ea4c5130"

form-data@~0.1.0:
  version "0.1.4"
  resolved "https://registry.yarnpkg.com/form-data/-/form-data-0.1.4.tgz#91abd788aba9702b1aabfa8bc01031a2ac9e3b12"
  dependencies:
    async "~0.9.0"
    combined-stream "~0.0.4"
    mime "~1.2.11"

fs.realpath@^1.0.0:
  version "1.0.0"
  resolved "https://registry.yarnpkg.com/fs.realpath/-/fs.realpath-1.0.0.tgz#1504ad2523158caa40db4a2787cb01411994ea4f"

fstream-ignore@1.0.2:
  version "1.0.2"
  resolved "https://registry.yarnpkg.com/fstream-ignore/-/fstream-ignore-1.0.2.tgz#18c891db01b782a74a7bff936a0f24997741c7ab"
  dependencies:
    fstream "^1.0.0"
    inherits "2"
    minimatch "^2.0.1"

fstream@0.1.x, fstream@~0.1.28:
  version "0.1.31"
  resolved "https://registry.yarnpkg.com/fstream/-/fstream-0.1.31.tgz#7337f058fbbbbefa8c9f561a28cab0849202c988"
  dependencies:
    graceful-fs "~3.0.2"
    inherits "~2.0.0"
    mkdirp "0.5"
    rimraf "2"

fstream@^1.0.0:
  version "1.0.11"
  resolved "https://registry.yarnpkg.com/fstream/-/fstream-1.0.11.tgz#5c1fb1f117477114f0632a0eb4b71b3cb0fd3171"
  dependencies:
    graceful-fs "^4.1.2"
    inherits "~2.0.0"
    mkdirp ">=0.5 0"
    rimraf "2"

glob@^7.0.5:
  version "7.1.2"
  resolved "https://registry.yarnpkg.com/glob/-/glob-7.1.2.tgz#c19c9df9a028702d678612384a6552404c636d15"
  dependencies:
    fs.realpath "^1.0.0"
    inflight "^1.0.4"
    inherits "2"
    minimatch "^3.0.4"
    once "^1.3.0"
    path-is-absolute "^1.0.0"

graceful-fs@^4.1.2:
  version "4.1.11"
  resolved "https://registry.yarnpkg.com/graceful-fs/-/graceful-fs-4.1.11.tgz#0e8bdfe4d1ddb8854d64e04ea7c00e2a026e5658"

graceful-fs@~3.0.2:
  version "3.0.11"
  resolved "https://registry.yarnpkg.com/graceful-fs/-/graceful-fs-3.0.11.tgz#7613c778a1afea62f25c630a086d7f3acbbdd818"
  dependencies:
    natives "^1.1.0"

hawk@1.1.1:
  version "1.1.1"
  resolved "https://registry.yarnpkg.com/hawk/-/hawk-1.1.1.tgz#87cd491f9b46e4e2aeaca335416766885d2d1ed9"
  dependencies:
    boom "0.4.x"
    cryptiles "0.2.x"
    hoek "0.9.x"
    sntp "0.2.x"

hoek@0.9.x:
  version "0.9.1"
  resolved "https://registry.yarnpkg.com/hoek/-/hoek-0.9.1.tgz#3d322462badf07716ea7eb85baf88079cddce505"

http-signature@~0.10.0:
  version "0.10.1"
  resolved "https://registry.yarnpkg.com/http-signature/-/http-signature-0.10.1.tgz#4fbdac132559aa8323121e540779c0a012b27e66"
  dependencies:
    asn1 "0.1.11"
    assert-plus "^0.1.5"
    ctype "0.5.3"

i@0.3.x:
  version "0.3.5"
  resolved "https://registry.yarnpkg.com/i/-/i-0.3.5.tgz#1d2b854158ec8169113c6cb7f6b6801e99e211d5"

inflight@^1.0.4:
  version "1.0.6"
  resolved "https://registry.yarnpkg.com/inflight/-/inflight-1.0.6.tgz#49bd6331d7d02d0c09bc910a1075ba8165b56df9"
  dependencies:
    once "^1.3.0"
    wrappy "1"

inherits@2, inherits@~2.0.0:
  version "2.0.3"
  resolved "https://registry.yarnpkg.com/inherits/-/inherits-2.0.3.tgz#633c2c83e3da42a502f52466022480f4208261de"

is-domain@0.0.1:
  version "0.0.1"
  resolved "https://registry.yarnpkg.com/is-domain/-/is-domain-0.0.1.tgz#7ffb288d5cced6b07c4f2df91c9be9153511348e"

isstream@0.1.x:
  version "0.1.2"
  resolved "https://registry.yarnpkg.com/isstream/-/isstream-0.1.2.tgz#47e63f7af55afa6f92e1500e690eb8b8529c099a"

json-stringify-safe@~5.0.0:
  version "5.0.1"
  resolved "https://registry.yarnpkg.com/json-stringify-safe/-/json-stringify-safe-5.0.1.tgz#1296a2d58fd45f19a0f6ce01d65701e2c735b6eb"

keypress@0.1.x:
  version "0.1.0"
  resolved "https://registry.yarnpkg.com/keypress/-/keypress-0.1.0.tgz#4a3188d4291b66b4f65edb99f806aa9ae293592a"

mime-types@~1.0.1:
  version "1.0.2"
  resolved "https://registry.yarnpkg.com/mime-types/-/mime-types-1.0.2.tgz#995ae1392ab8affcbfcb2641dd054e943c0d5dce"

mime@~1.2.11:
  version "1.2.11"
  resolved "https://registry.yarnpkg.com/mime/-/mime-1.2.11.tgz#58203eed86e3a5ef17aed2b7d9ebd47f0a60dd10"

minimatch@^2.0.1:
  version "2.0.10"
  resolved "https://registry.yarnpkg.com/minimatch/-/minimatch-2.0.10.tgz#8d087c39c6b38c001b97fca7ce6d0e1e80afbac7"
  dependencies:
    brace-expansion "^1.0.0"

minimatch@^3.0.4:
  version "3.0.4"
  resolved "https://registry.yarnpkg.com/minimatch/-/minimatch-3.0.4.tgz#5166e286457f03306064be5497e8dbb0c3d32083"
  dependencies:
    brace-expansion "^1.1.7"

minimist@0.0.8:
  version "0.0.8"
  resolved "https://registry.yarnpkg.com/minimist/-/minimist-0.0.8.tgz#857fcabfc3397d2625b8228262e86aa7a011b05d"

minimist@1.1.1:
  version "1.1.1"
  resolved "https://registry.yarnpkg.com/minimist/-/minimist-1.1.1.tgz#1bc2bc71658cdca5712475684363615b0b4f695b"

mkdirp@0.5, mkdirp@0.x.x, "mkdirp@>=0.5 0":
  version "0.5.1"
  resolved "https://registry.yarnpkg.com/mkdirp/-/mkdirp-0.5.1.tgz#30057438eac6cf7f8c4767f38648d6697d75c903"
  dependencies:
    minimist "0.0.8"

moniker@0.1.2:
  version "0.1.2"
  resolved "https://registry.yarnpkg.com/moniker/-/moniker-0.1.2.tgz#872dfba575dcea8fa04a5135b13d5f24beccc97e"

mute-stream@~0.0.4:
  version "0.0.7"
  resolved "https://registry.yarnpkg.com/mute-stream/-/mute-stream-0.0.7.tgz#3075ce93bc21b8fab43e1bc4da7e8115ed1e7bab"

natives@^1.1.0:
  version "1.1.0"
  resolved "https://registry.yarnpkg.com/natives/-/natives-1.1.0.tgz#e9ff841418a6b2ec7a495e939984f78f163e6e31"

ncp@0.4.x:
  version "0.4.2"
  resolved "https://registry.yarnpkg.com/ncp/-/ncp-0.4.2.tgz#abcc6cbd3ec2ed2a729ff6e7c1fa8f01784a8574"

netrc@0.1.4:
  version "0.1.4"
  resolved "https://registry.yarnpkg.com/netrc/-/netrc-0.1.4.tgz#6be94fcaca8d77ade0a9670dc460914c94472444"

node-uuid@~1.4.0:
  version "1.4.8"
  resolved "https://registry.yarnpkg.com/node-uuid/-/node-uuid-1.4.8.tgz#b040eb0923968afabf8d32fb1f17f1167fdab907"

oauth-sign@~0.3.0:
  version "0.3.0"
  resolved "https://registry.yarnpkg.com/oauth-sign/-/oauth-sign-0.3.0.tgz#cb540f93bb2b22a7d5941691a288d60e8ea9386e"

once@^1.3.0:
  version "1.4.0"
  resolved "https://registry.yarnpkg.com/once/-/once-1.4.0.tgz#583b1aa775961d4b113ac17d9c50baef9dd76bd1"
  dependencies:
    wrappy "1"

path-is-absolute@^1.0.0:
  version "1.0.1"
  resolved "https://registry.yarnpkg.com/path-is-absolute/-/path-is-absolute-1.0.1.tgz#174b9268735534ffbc7ace6bf53a5a9e1b5c5f5f"

pkginfo@0.3.x:
  version "0.3.1"
  resolved "https://registry.yarnpkg.com/pkginfo/-/pkginfo-0.3.1.tgz#5b29f6a81f70717142e09e765bbeab97b4f81e21"

pkginfo@0.x.x:
  version "0.4.1"
  resolved "https://registry.yarnpkg.com/pkginfo/-/pkginfo-0.4.1.tgz#b5418ef0439de5425fc4995042dced14fb2a84ff"

progress@1.1.8:
  version "1.1.8"
  resolved "https://registry.yarnpkg.com/progress/-/progress-1.1.8.tgz#e260c78f6161cdd9b0e56cc3e0a85de17c7a57be"

prompt@~0.2.14:
  version "0.2.14"
  resolved "https://registry.yarnpkg.com/prompt/-/prompt-0.2.14.tgz#57754f64f543fd7b0845707c818ece618f05ffdc"
  dependencies:
    pkginfo "0.x.x"
    read "1.0.x"
    revalidator "0.1.x"
    utile "0.2.x"
    winston "0.8.x"

punycode@^1.4.1:
  version "1.4.1"
  resolved "https://registry.yarnpkg.com/punycode/-/punycode-1.4.1.tgz#c0d5a63b2718800ad8e1eb0fa5269c84dd41845e"

qs@~1.0.0:
  version "1.0.2"
  resolved "https://registry.yarnpkg.com/qs/-/qs-1.0.2.tgz#50a93e2b5af6691c31bcea5dae78ee6ea1903768"

read@1.0.5:
  version "1.0.5"
  resolved "https://registry.yarnpkg.com/read/-/read-1.0.5.tgz#007a3d169478aa710a491727e453effb92e76203"
  dependencies:
    mute-stream "~0.0.4"

read@1.0.x:
  version "1.0.7"
  resolved "https://registry.yarnpkg.com/read/-/read-1.0.7.tgz#b3da19bd052431a97671d44a42634adf710b40c4"
  dependencies:
    mute-stream "~0.0.4"

request@2.40.0:
  version "2.40.0"
  resolved "https://registry.yarnpkg.com/request/-/request-2.40.0.tgz#4dd670f696f1e6e842e66b4b5e839301ab9beb67"
  dependencies:
    forever-agent "~0.5.0"
    json-stringify-safe "~5.0.0"
    mime-types "~1.0.1"
    node-uuid "~1.4.0"
    qs "~1.0.0"
  optionalDependencies:
    aws-sign2 "~0.5.0"
    form-data "~0.1.0"
    hawk "1.1.1"
    http-signature "~0.10.0"
    oauth-sign "~0.3.0"
    stringstream "~0.0.4"
    tough-cookie ">=0.12.0"
    tunnel-agent "~0.4.0"

revalidator@0.1.x:
  version "0.1.8"
  resolved "https://registry.yarnpkg.com/revalidator/-/revalidator-0.1.8.tgz#fece61bfa0c1b52a206bd6b18198184bdd523a3b"

rimraf@2, rimraf@2.x.x:
  version "2.6.1"
  resolved "https://registry.yarnpkg.com/rimraf/-/rimraf-2.6.1.tgz#c2338ec643df7a1b7fe5c54fa86f57428a55f33d"
  dependencies:
    glob "^7.0.5"

sntp@0.2.x:
  version "0.2.4"
  resolved "https://registry.yarnpkg.com/sntp/-/sntp-0.2.4.tgz#fb885f18b0f3aad189f824862536bceeec750900"
  dependencies:
    hoek "0.9.x"

split@0.3.1:
  version "0.3.1"
  resolved "https://registry.yarnpkg.com/split/-/split-0.3.1.tgz#cebcf142bf61bbb64b141628e6db482a2914654c"
  dependencies:
    through "2"

stack-trace@0.0.x:
  version "0.0.10"
  resolved "https://registry.yarnpkg.com/stack-trace/-/stack-trace-0.0.10.tgz#547c70b347e8d32b4e108ea1a2a159e5fdde19c0"

stringstream@~0.0.4:
  version "0.0.5"
  resolved "https://registry.yarnpkg.com/stringstream/-/stringstream-0.0.5.tgz#4e484cd4de5a0bbbee18e46307710a8a81621878"

surge-ignore@0.2.0:
  version "0.2.0"
  resolved "https://registry.yarnpkg.com/surge-ignore/-/surge-ignore-0.2.0.tgz#5a7f8a20a71188cf9e75a2cfe8eb182de90daf3b"

surge@^0.19.0:
  version "0.19.0"
  resolved "https://registry.yarnpkg.com/surge/-/surge-0.19.0.tgz#ae430df0f2832ba24aa379b7766586fe68b7239c"
  dependencies:
    du "0.1.0"
    fstream-ignore "1.0.2"
    is-domain "0.0.1"
    minimist "1.1.1"
    moniker "0.1.2"
    netrc "0.1.4"
    progress "1.1.8"
    prompt "~0.2.14"
    read "1.0.5"
    request "2.40.0"
    split "0.3.1"
    surge-ignore "0.2.0"
    tar "1.0.0"
    tar.gz "0.1.1"
    url-parse-as-address "1.0.0"

tar.gz@0.1.1:
  version "0.1.1"
  resolved "https://registry.yarnpkg.com/tar.gz/-/tar.gz-0.1.1.tgz#e914ce23b2fdc627575fbdb3485a5b228ed59947"
  dependencies:
    commander "1.1.x"
    fstream "0.1.x"
    tar "0.1.x"

tar@0.1.x:
  version "0.1.20"
  resolved "https://registry.yarnpkg.com/tar/-/tar-0.1.20.tgz#42940bae5b5f22c74483699126f9f3f27449cb13"
  dependencies:
    block-stream "*"
    fstream "~0.1.28"
    inherits "2"

tar@1.0.0:
  version "1.0.0"
  resolved "https://registry.yarnpkg.com/tar/-/tar-1.0.0.tgz#36636d76e8ae12b4bc11a940ac606b5ca8a5fe1f"
  dependencies:
    block-stream "*"
    fstream "^1.0.0"
    inherits "2"

through@2:
  version "2.3.8"
  resolved "https://registry.yarnpkg.com/through/-/through-2.3.8.tgz#0dd4c9ffaabc357960b1b724115d7e0e86a2e1f5"

tough-cookie@>=0.12.0:
  version "2.3.2"
  resolved "https://registry.yarnpkg.com/tough-cookie/-/tough-cookie-2.3.2.tgz#f081f76e4c85720e6c37a5faced737150d84072a"
  dependencies:
    punycode "^1.4.1"

tunnel-agent@~0.4.0:
  version "0.4.3"
  resolved "https://registry.yarnpkg.com/tunnel-agent/-/tunnel-agent-0.4.3.tgz#6373db76909fe570e08d73583365ed828a74eeeb"

url-parse-as-address@1.0.0:
  version "1.0.0"
  resolved "https://registry.yarnpkg.com/url-parse-as-address/-/url-parse-as-address-1.0.0.tgz#fb80901883f338b3cbed3538f5faa26adaf7f2e7"

utile@0.2.x:
  version "0.2.1"
  resolved "https://registry.yarnpkg.com/utile/-/utile-0.2.1.tgz#930c88e99098d6220834c356cbd9a770522d90d7"
  dependencies:
    async "~0.2.9"
    deep-equal "*"
    i "0.3.x"
    mkdirp "0.x.x"
    ncp "0.4.x"
    rimraf "2.x.x"

winston@0.8.x:
  version "0.8.3"
  resolved "https://registry.yarnpkg.com/winston/-/winston-0.8.3.tgz#64b6abf4cd01adcaefd5009393b1d8e8bec19db0"
  dependencies:
    async "0.2.x"
    colors "0.6.x"
    cycle "1.0.x"
    eyes "0.1.x"
    isstream "0.1.x"
    pkginfo "0.3.x"
    stack-trace "0.0.x"

wrappy@1:
  version "1.0.2"
  resolved "https://registry.yarnpkg.com/wrappy/-/wrappy-1.0.2.tgz#b5243d8f3ec1aa35f1364605bc0d1036e30ab69f"
